
Microsoft Visual Studio Solution File, Format Version 12.00
# Visual Studio Version 17
VisualStudioVersion = 17.5.33530.505
MinimumVisualStudioVersion = 10.0.40219.1
Project("{9A19103F-16F7-4668-BE54-9A1E7A4F7556}") = "ExampleApp1", "ExampleApp1\ExampleApp1.csproj", "{8240368B-0BE7-45ED-895A-80D2009B2E39}"
EndProject
Project("{9A19103F-16F7-4668-BE54-9A1E7A4F7556}") = "Sayeed.Generic.OnionArchitecture", "src\Sayeed.Generic.OnionArchitecture.csproj", "{14729E08-730D-4BF5-8A9D-C53240BED6A3}"
EndProject
Project("{2150E333-8FDC-42A3-9474-1A3956D46DE8}") = "Solution Items", "Solution Items", "{7D0A22B5-8B57-41B9-A26D-BA1ACC266EBA}"
	ProjectSection(SolutionItems) = preProject
		.gitignore = .gitignore
		README.md = README.md
	EndProjectSection
EndProject
Project("{FAE04EC0-301F-11D3-BF4B-00C04F79EFBC}") = "ExampleApp2", "ExampleApp2\ExampleApp2.csproj", "{10EF57B6-67FC-4184-A61B-F401089F4D8B}"
EndProject
Global
	GlobalSection(SolutionConfigurationPlatforms) = preSolution
		Debug|Any CPU = Debug|Any CPU
		Release|Any CPU = Release|Any CPU
	EndGlobalSection
	GlobalSection(ProjectConfigurationPlatforms) = postSolution
		{8240368B-0BE7-45ED-895A-80D2009B2E39}.Debug|Any CPU.ActiveCfg = Debug|Any CPU
		{8240368B-0BE7-45ED-895A-80D2009B2E39}.Debug|Any CPU.Build.0 = Debug|Any CPU
		{8240368B-0BE7-45ED-895A-80D2009B2E39}.Release|Any CPU.ActiveCfg = Release|Any CPU
		{8240368B-0BE7-45ED-895A-80D2009B2E39}.Release|Any CPU.Build.0 = Release|Any CPU
		{14729E08-730D-4BF5-8A9D-C53240BED6A3}.Debug|Any CPU.ActiveCfg = Debug|Any CPU
		{14729E08-730D-4BF5-8A9D-C53240BED6A3}.Debug|Any CPU.Build.0 = Debug|Any CPU
		{14729E08-730D-4BF5-8A9D-C53240BED6A3}.Release|Any CPU.ActiveCfg = Release|Any CPU
		{14729E08-730D-4BF5-8A9D-C53240BED6A3}.Release|Any CPU.Build.0 = Release|Any CPU
		{10EF57B6-67FC-4184-A61B-F401089F4D8B}.Debug|Any CPU.ActiveCfg = Debug|Any CPU
		{10EF57B6-67FC-4184-A61B-F401089F4D8B}.Debug|Any CPU.Build.0 = Debug|Any CPU
		{10EF57B6-67FC-4184-A61B-F401089F4D8B}.Release|Any CPU.ActiveCfg = Release|Any CPU
		{10EF57B6-67FC-4184-A61B-F401089F4D8B}.Release|Any CPU.Build.0 = Release|Any CPU
	EndGlobalSection
	GlobalSection(SolutionProperties) = preSolution
		HideSolutionNode = FALSE
	EndGlobalSection
	GlobalSection(ExtensibilityGlobals) = postSolution
		SolutionGuid = {905E6FB9-7778-45E6-BE5F-39B60FEC4DB6}
	EndGlobalSection
EndGlobal
